{
  "lockfileVersion": 1,
  "configVersion": 1,
  "workspaces": {
    "": {
      "name": "wordjumblebot",
      "dependencies": {
        "@postfmly/checkrate": "^1.0.6",
        "@postfmly/logger": "^1.0.5",
        "@postfmly/logoserver": "^1.0.8",
        "@wordlist/english-eff": "^1.0.1",
        "@wordlist/random": "^5.0.0",
        "discord.js": "^14.26.4",
        "drizzle-orm": "1.0.0-rc.2",
        "ms": "^2.1.3",
        "pluralize": "^8.0.0",
        "pretty-ms": "^9.3.0",
      },
      "devDependencies": {
        "@nano-faker/number": "^1.0.1",
        "@nano-faker/patterns": "^1.0.1",
        "@nano-faker/person": "^1.0.1",
        "@postfmly/config": "^1.2.17",
        "@types/ms": "^2.1.0",
        "@types/pluralize": "^0.0.33",
        "drizzle-query-logger": "^1.1.2",
        "drizzle-seed": "1.0.0-rc.2",
        "husky": "^9.1.7",
        "jest-mock": "^30.4.1",
        "lcov-total": "^2.1.1",
        "lint-staged": "^17.0.4",
        "rimraf": "^6.1.3",
      },
    },
  },
  "patchedDependencies": {
    "pluralize@8.0.0": "patches/pluralize@8.0.0.patch",
  },
  "overrides": {
    "drizzle-orm": "1.0.0-rc.2",
    "typescript": "^6.0.3",
  },
  "packages": {
    "@biomejs/biome": ["@biomejs/biome@2.4.15", "https://npm.postfmly.com/@biomejs/biome/-/biome-2.4.15.tgz", { "optionalDependencies": { "@biomejs/cli-darwin-arm64": "2.4.15", "@biomejs/cli-darwin-x64": "2.4.15", "@biomejs/cli-linux-arm64": "2.4.15", "@biomejs/cli-linux-arm64-musl": "2.4.15", "@biomejs/cli-linux-x64": "2.4.15", "@biomejs/cli-linux-x64-musl": "2.4.15", "@biomejs/cli-win32-arm64": "2.4.15", "@biomejs/cli-win32-x64": "2.4.15" }, "bin": { "biome": "bin/biome" } }, "sha512-j5VH3a/h/HXTKBM50MDMxRCzkeLv9S2XJcW2WgnZT1+xyisi+0bISrXR82gCX+8S9lvK0skEvHJRN+3Ktr2hlw=="],

    "@biomejs/cli-darwin-arm64": ["@biomejs/cli-darwin-arm64@2.4.15", "https://npm.postfmly.com/@biomejs/cli-darwin-arm64/-/cli-darwin-arm64-2.4.15.tgz", { "os": "darwin", "cpu": "arm64" }, "sha512-rF3PPqLq1yoST79zaQbDjVJwsuIeci/O+9bgNmC5QpgOqz6aqYuzA4abyAGx+mgyiDXn4A049xAN8gijbuR1Qg=="],

    "@biomejs/cli-darwin-x64": ["@biomejs/cli-darwin-x64@2.4.15", "https://npm.postfmly.com/@biomejs/cli-darwin-x64/-/cli-darwin-x64-2.4.15.tgz", { "os": "darwin", "cpu": "x64" }, "sha512-/5KHXYMfSJs1fNXiX30xFtI8JcCFV6zaVVLxOa0M2sfqBKHkpQhRTv94yxQWxeTY2lzo2OuTlNvPC+hDQt2wcQ=="],

    "@biomejs/cli-linux-arm64": ["@biomejs/cli-linux-arm64@2.4.15", "https://npm.postfmly.com/@biomejs/cli-linux-arm64/-/cli-linux-arm64-2.4.15.tgz", { "os": "linux", "cpu": "arm64" }, "sha512-owaAMZD/T4LrD0ELNCk0Km3qrRHuM0X6EAyVE1FSqGY0rbLoiDLrO4Us2tllm6cAeB2Ioa9C2C08NZPdr8+0Ug=="],

    "@biomejs/cli-linux-arm64-musl": ["@biomejs/cli-linux-arm64-musl@2.4.15", "https://npm.postfmly.com/@biomejs/cli-linux-arm64-musl/-/cli-linux-arm64-musl-2.4.15.tgz", { "os": "linux", "cpu": "arm64" }, "sha512-ZPcxznxm0pogHBLZhYntyR3sR+MrZjqJIKEr7ZqVen0Rl+P/4upVmfYXjftizi9RoqZntg33fv/1fbdhbYXpEQ=="],

    "@biomejs/cli-linux-x64": ["@biomejs/cli-linux-x64@2.4.15", "https://npm.postfmly.com/@biomejs/cli-linux-x64/-/cli-linux-x64-2.4.15.tgz", { "os": "linux", "cpu": "x64" }, "sha512-0jj7THz12GbUOLmMibktK6DZjqz2zV64KFxyBtcFTKPiiOIY0a7vns1elpO1dERvxpsZ5ik0oFfz0oGwFde1+g=="],

    "@biomejs/cli-linux-x64-musl": ["@biomejs/cli-linux-x64-musl@2.4.15", "https://npm.postfmly.com/@biomejs/cli-linux-x64-musl/-/cli-linux-x64-musl-2.4.15.tgz", { "os": "linux", "cpu": "x64" }, "sha512-CNq/9W38SYSH023lfcQ4KKU8K0YX8T//FZUhcgtMMRABDojx5XsMV7jlweAvGSl389wJQB29Qo6Zb/a+jdvt+w=="],

    "@biomejs/cli-win32-arm64": ["@biomejs/cli-win32-arm64@2.4.15", "https://npm.postfmly.com/@biomejs/cli-win32-arm64/-/cli-win32-arm64-2.4.15.tgz", { "os": "win32", "cpu": "arm64" }, "sha512-ouhkYdlhp/1GghEJPdWwD/Vi3gQ1nFxuSpMolWsbq3Lsq3QUR4jl6UdhhscdCugKU5vOEuMiJhvKj66O0OCq+w=="],

    "@biomejs/cli-win32-x64": ["@biomejs/cli-win32-x64@2.4.15", "https://npm.postfmly.com/@biomejs/cli-win32-x64/-/cli-win32-x64-2.4.15.tgz", { "os": "win32", "cpu": "x64" }, "sha512-zBrGq5mx5wwpnow4+2BxUvleDM+GNd4sLbPaMapsSLQLD0NGRCquqPBTgN+7XkUteHvj7M+BstuI8tmnV7+HgQ=="],

    "@discordjs/builders": ["@discordjs/builders@1.14.1", "https://npm.postfmly.com/@discordjs/builders/-/builders-1.14.1.tgz", { "dependencies": { "@discordjs/formatters": "^0.6.2", "@discordjs/util": "^1.2.0", "@sapphire/shapeshift": "^4.0.0", "discord-api-types": "^0.38.40", "fast-deep-equal": "^3.1.3", "ts-mixer": "^6.0.4", "tslib": "^2.6.3" } }, "sha512-gSKkhXLqs96TCzk66VZuHHl8z2bQMJFGwrXC0f33ngK+FLNau4hU1PYny3DNJfNdSH+gVMzE85/d5FQ2BpcNwQ=="],

    "@discordjs/collection": ["@discordjs/collection@1.5.3", "https://npm.postfmly.com/@discordjs/collection/-/collection-1.5.3.tgz", {}, "sha512-SVb428OMd3WO1paV3rm6tSjM4wC+Kecaa1EUGX7vc6/fddvw/6lg90z4QtCqm21zvVe92vMMDt9+DkIvjXImQQ=="],

    "@discordjs/formatters": ["@discordjs/formatters@0.6.2", "https://npm.postfmly.com/@discordjs/formatters/-/formatters-0.6.2.tgz", { "dependencies": { "discord-api-types": "^0.38.33" } }, "sha512-y4UPwWhH6vChKRkGdMB4odasUbHOUwy7KL+OVwF86PvT6QVOwElx+TiI1/6kcmcEe+g5YRXJFiXSXUdabqZOvQ=="],

    "@discordjs/rest": ["@discordjs/rest@2.6.1", "https://npm.postfmly.com/@discordjs/rest/-/rest-2.6.1.tgz", { "dependencies": { "@discordjs/collection": "^2.1.1", "@discordjs/util": "^1.2.0", "@sapphire/async-queue": "^1.5.3", "@sapphire/snowflake": "^3.5.5", "@vladfrangu/async_event_emitter": "^2.4.6", "discord-api-types": "^0.38.40", "magic-bytes.js": "^1.13.0", "tslib": "^2.6.3", "undici": "6.24.1" } }, "sha512-wwQdgjeaoYFiaG+atbqx6aJDpqW7JHAo0HrQkBTbYzM3/PJ3GweQIpgElNcGZ26DCUOXMyawYd0YF7vtr+fZXg=="],

    "@discordjs/util": ["@discordjs/util@1.2.0", "https://npm.postfmly.com/@discordjs/util/-/util-1.2.0.tgz", { "dependencies": { "discord-api-types": "^0.38.33" } }, "sha512-3LKP7F2+atl9vJFhaBjn4nOaSWahZ/yWjOvA4e5pnXkt2qyXRCHLxoBQy81GFtLGCq7K9lPm9R517M1U+/90Qg=="],

    "@discordjs/ws": ["@discordjs/ws@1.2.3", "https://npm.postfmly.com/@discordjs/ws/-/ws-1.2.3.tgz", { "dependencies": { "@discordjs/collection": "^2.1.0", "@discordjs/rest": "^2.5.1", "@discordjs/util": "^1.1.0", "@sapphire/async-queue": "^1.5.2", "@types/ws": "^8.5.10", "@vladfrangu/async_event_emitter": "^2.2.4", "discord-api-types": "^0.38.1", "tslib": "^2.6.2", "ws": "^8.17.0" } }, "sha512-wPlQDxEmlDg5IxhJPuxXr3Vy9AjYq5xCvFWGJyD7w7Np8ZGu+Mc+97LCoEc/+AYCo2IDpKioiH0/c/mj5ZR9Uw=="],

    "@jest/pattern": ["@jest/pattern@30.4.0", "https://npm.postfmly.com/@jest/pattern/-/pattern-30.4.0.tgz", { "dependencies": { "@types/node": "*", "jest-regex-util": "30.4.0" } }, "sha512-RAWn3+f9u8BsHijKJ71uHcFp6vmyEt6VvoWXkl6hKF3qVIuWNmudVjg12DlBPGup/frIl5UcUlH5HfEuvHpEXg=="],

    "@jest/schemas": ["@jest/schemas@30.4.1", "https://npm.postfmly.com/@jest/schemas/-/schemas-30.4.1.tgz", { "dependencies": { "@sinclair/typebox": "^0.34.0" } }, "sha512-i6b4qw5qnP8c5FEeBJg/uZQ4ddrkN6Ca8qISJh0pr7a5hfn3h3v5x60BEbOC7OYAGZNMs1LfFLwnW2CuK8F57Q=="],

    "@jest/types": ["@jest/types@30.4.1", "https://npm.postfmly.com/@jest/types/-/types-30.4.1.tgz", { "dependencies": { "@jest/pattern": "30.4.0", "@jest/schemas": "30.4.1", "@types/istanbul-lib-coverage": "^2.0.6", "@types/istanbul-reports": "^3.0.4", "@types/node": "*", "@types/yargs": "^17.0.33", "chalk": "^4.1.2" } }, "sha512-f1x/vJXIfjOlEmejYpbkbgw1gOqpPECwMvMEtBqe47j7H2Hg8h8w3o3ikhSXq3MI15kg+oQ0exWO0uCtTNJLoQ=="],

    "@nano-faker/core": ["@nano-faker/core@1.0.1", "https://npm.postfmly.com/@nano-faker/core/-/core-1.0.1.tgz", {}, "sha512-hw2ZYY9Nnz/tRhyoWUfR179bRVC7yyaqhXzv8SHWLZjy40bRwRAkkrm0xN8vB5IDh6bLZOPKwKwIHVwO8Hl3fA=="],

    "@nano-faker/number": ["@nano-faker/number@1.0.1", "https://npm.postfmly.com/@nano-faker/number/-/number-1.0.1.tgz", { "dependencies": { "@nano-faker/core": "^1.0.1" } }, "sha512-LBDToByUZY09AtCta0MJkK32ZfStWfufcdQHt4x7j1bbyrFoBoUI0welckJZEkDSyDJTQ4u47z6vXDpvxVnXXQ=="],

    "@nano-faker/patterns": ["@nano-faker/patterns@1.0.1", "https://npm.postfmly.com/@nano-faker/patterns/-/patterns-1.0.1.tgz", { "dependencies": { "@nano-faker/core": "^1.0.1" } }, "sha512-mgyYVDPT88OE53cvRw/1J1zXePJ9y8vuEo2UzZyR7GzriFlqP5409+I/hEcsH0HR99nsWBB8sQUNIbjmqADgSQ=="],

    "@nano-faker/person": ["@nano-faker/person@1.0.1", "https://npm.postfmly.com/@nano-faker/person/-/person-1.0.1.tgz", { "dependencies": { "@nano-faker/core": "^1.0.1" } }, "sha512-cvH8KhxzlK3SAiMHK87X7OpnK0BVLK1annnQWqNz+sUlcAMNnoSl3lPbDXDo3hCHHm9nBf7G4PgsvdkVQimwRQ=="],

    "@postfmly/checkrate": ["@postfmly/checkrate@1.0.6", "https://npm.postfmly.com/@postfmly/checkrate/-/checkrate-1.0.6.tgz", { "dependencies": { "discord.js-rate-limiter": "^1.3.2", "ms": "^2.1.3" }, "peerDependencies": { "@postfmly/config": "^1.2.17", "@postfmly/logger": "^1.0.5", "discord.js": "^14.26.4" } }, "sha512-gGL1sSM8iUjkrwjancZgSOkud9SJyYTiI+ZIiiV4eCBESpLhc6Tu8vGtj72a+DbNu3x/wlTpD9YxpUMHPLtE1Q=="],

    "@postfmly/config": ["@postfmly/config@1.2.17", "https://npm.postfmly.com/@postfmly/config/-/config-1.2.17.tgz", { "peerDependencies": { "@biomejs/biome": "^2.4.15", "@types/bun": "^1.3.13", "@types/node": "^25.6.0", "typescript": "^6.0.3" }, "bin": { "config-init": "bin/init" } }, "sha512-ft+Pun2zwe8vyp9uY5f6uwP41PmB3i1WZrqfl2a3daoIwVM5W/gGSmgr8sfStwAs+jbLwQbWciOs3vR1F40wng=="],

    "@postfmly/logger": ["@postfmly/logger@1.0.5", "https://npm.postfmly.com/@postfmly/logger/-/logger-1.0.5.tgz", { "dependencies": { "date-and-time": "^4.5.0" }, "peerDependencies": { "@postfmly/config": "^1.2.17" } }, "sha512-fKbubuGoYdZfSnpJPfa0r/sISxNDQEtN00CJucwYT0CxBuwQXp4mIIfjcvrxwMww9R83hJnhiFroL67QbPnG4A=="],

    "@postfmly/logoserver": ["@postfmly/logoserver@1.0.8", "https://npm.postfmly.com/@postfmly/logoserver/-/logoserver-1.0.8.tgz", { "dependencies": { "get-port": "^7.2.0", "http-status": "^2.1.0" }, "peerDependencies": { "@postfmly/config": "^1.2.17", "@postfmly/logger": "^1.0.5" } }, "sha512-dHnTQqUsJKOKbuUVEfE2fWAiFk6pZpWDlQMLPlOgk0+L6+hz3k+VLPgMbBRWyJt+O3592v1YdGENHHASINLWIw=="],

    "@sapphire/async-queue": ["@sapphire/async-queue@1.5.5", "https://npm.postfmly.com/@sapphire/async-queue/-/async-queue-1.5.5.tgz", {}, "sha512-cvGzxbba6sav2zZkH8GPf2oGk9yYoD5qrNWdu9fRehifgnFZJMV+nuy2nON2roRO4yQQ+v7MK/Pktl/HgfsUXg=="],

    "@sapphire/shapeshift": ["@sapphire/shapeshift@4.0.0", "https://npm.postfmly.com/@sapphire/shapeshift/-/shapeshift-4.0.0.tgz", { "dependencies": { "fast-deep-equal": "^3.1.3", "lodash": "^4.17.21" } }, "sha512-d9dUmWVA7MMiKobL3VpLF8P2aeanRTu6ypG2OIaEv/ZHH/SUQ2iHOVyi5wAPjQ+HmnMuL0whK9ez8I/raWbtIg=="],

    "@sapphire/snowflake": ["@sapphire/snowflake@3.5.3", "https://npm.postfmly.com/@sapphire/snowflake/-/snowflake-3.5.3.tgz", {}, "sha512-jjmJywLAFoWeBi1W7994zZyiNWPIiqRRNAmSERxyg93xRGzNYvGjlZ0gR6x0F4gPRi2+0O6S71kOZYyr3cxaIQ=="],

    "@sinclair/typebox": ["@sinclair/typebox@0.34.49", "https://npm.postfmly.com/@sinclair/typebox/-/typebox-0.34.49.tgz", {}, "sha512-brySQQs7Jtn0joV8Xh9ZV/hZb9Ozb0pmazDIASBkYKCjXrXU3mpcFahmK/z4YDhGkQvP9mWJbVyahdtU5wQA+A=="],

    "@sqltools/formatter": ["@sqltools/formatter@1.2.5", "https://npm.postfmly.com/@sqltools/formatter/-/formatter-1.2.5.tgz", {}, "sha512-Uy0+khmZqUrUGm5dmMqVlnvufZRSK0FbYzVgp0UMstm+F5+W2/jnEEQyc9vo1ZR/E5ZI/B1WjjoTqBqwJL6Krw=="],

    "@types/bun": ["@types/bun@1.3.14", "https://npm.postfmly.com/@types/bun/-/bun-1.3.14.tgz", { "dependencies": { "bun-types": "1.3.14" } }, "sha512-h1hFqFVcvAvD9j9K7ZW7vd82aSA+rTdznZa+5bwvCwqSB1jmmfLcbIWhOLx1/+boy/xmjgCs/OMUL8hRJSmnPw=="],

    "@types/istanbul-lib-coverage": ["@types/istanbul-lib-coverage@2.0.6", "https://npm.postfmly.com/@types/istanbul-lib-coverage/-/istanbul-lib-coverage-2.0.6.tgz", {}, "sha512-2QF/t/auWm0lsy8XtKVPG19v3sSOQlJe/YHZgfjb/KBBHOGSV+J2q/S671rcq9uTBrLAXmZpqJiaQbMT+zNU1w=="],

    "@types/istanbul-lib-report": ["@types/istanbul-lib-report@3.0.3", "https://npm.postfmly.com/@types/istanbul-lib-report/-/istanbul-lib-report-3.0.3.tgz", { "dependencies": { "@types/istanbul-lib-coverage": "*" } }, "sha512-NQn7AHQnk/RSLOxrBbGyJM/aVQ+pjj5HCgasFxc0K/KhoATfQ/47AyUl15I2yBUpihjmas+a+VJBOqecrFH+uA=="],

    "@types/istanbul-reports": ["@types/istanbul-reports@3.0.4", "https://npm.postfmly.com/@types/istanbul-reports/-/istanbul-reports-3.0.4.tgz", { "dependencies": { "@types/istanbul-lib-report": "*" } }, "sha512-pk2B1NWalF9toCRu6gjBzR69syFjP4Od8WRAX+0mmf9lAjCRicLOWc+ZrxZHx/0XRjotgkF9t6iaMJ+aXcOdZQ=="],

    "@types/ms": ["@types/ms@2.1.0", "https://npm.postfmly.com/@types/ms/-/ms-2.1.0.tgz", {}, "sha512-GsCCIZDE/p3i96vtEqx+7dBUGXrc7zeSK3wwPHIaRThS+9OhWIXRqzs4d6k1SVU8g91DrNRWxWUGhp5KXQb2VA=="],

    "@types/node": ["@types/node@25.7.0", "https://npm.postfmly.com/@types/node/-/node-25.7.0.tgz", { "dependencies": { "undici-types": "~7.21.0" } }, "sha512-z+pdZyxE+RTQE9AcboAZCb4otwcrvgHD+GlBpPgn0emDVt0ohrTMhAwlr2Wd9nZ+nihhYFxO2pThz3C5qSu2Eg=="],

    "@types/pluralize": ["@types/pluralize@0.0.33", "https://npm.postfmly.com/@types/pluralize/-/pluralize-0.0.33.tgz", {}, "sha512-JOqsl+ZoCpP4e8TDke9W79FDcSgPAR0l6pixx2JHkhnRjvShyYiAYw2LVsnA7K08Y6DeOnaU6ujmENO4os/cYg=="],

    "@types/ws": ["@types/ws@8.18.1", "https://npm.postfmly.com/@types/ws/-/ws-8.18.1.tgz", { "dependencies": { "@types/node": "*" } }, "sha512-ThVF6DCVhA8kUGy+aazFQ4kXQ7E1Ty7A3ypFOe0IcJV8O/M511G99AW24irKrW56Wt44yG9+ij8FaqoBGkuBXg=="],

    "@types/yargs": ["@types/yargs@17.0.35", "https://npm.postfmly.com/@types/yargs/-/yargs-17.0.35.tgz", { "dependencies": { "@types/yargs-parser": "*" } }, "sha512-qUHkeCyQFxMXg79wQfTtfndEC+N9ZZg76HJftDJp+qH2tV7Gj4OJi7l+PiWwJ+pWtW8GwSmqsDj/oymhrTWXjg=="],

    "@types/yargs-parser": ["@types/yargs-parser@21.0.3", "https://npm.postfmly.com/@types/yargs-parser/-/yargs-parser-21.0.3.tgz", {}, "sha512-I4q9QU9MQv4oEOz4tAHJtNz1cwuLxn2F3xcc2iV5WdqLPpUnj30aUuxt1mAxYTG+oe8CZMV/+6rU4S4gRDzqtQ=="],

    "@vladfrangu/async_event_emitter": ["@vladfrangu/async_event_emitter@2.4.7", "https://npm.postfmly.com/@vladfrangu/async_event_emitter/-/async_event_emitter-2.4.7.tgz", {}, "sha512-Xfe6rpCTxSxfbswi/W/Pz7zp1WWSNn4A0eW4mLkQUewCrXXtMj31lCg+iQyTkh/CkusZSq9eDflu7tjEDXUY6g=="],

    "@wordlist/english-eff": ["@wordlist/english-eff@1.0.1", "https://npm.postfmly.com/@wordlist/english-eff/-/english-eff-1.0.1.tgz", {}, "sha512-ZgmJbl6qe7clQPy/dHqLDn2QJWIdMDI4m63iBzqOKckqtNKfq79rPqNk+nH3+ow6rij84soMN+DDPaUjVvAtQA=="],

    "@wordlist/random": ["@wordlist/random@5.0.0", "https://npm.postfmly.com/@wordlist/random/-/random-5.0.0.tgz", {}, "sha512-MZw3Nr1wjsCvq0onoJwbXKgwsN7ndJ74QVbTTvIwMOqCaATOgoIR85ovmCT/e2Bb+L/JSXxcRkvMV/K9yxBZmw=="],

    "ansi-escapes": ["ansi-escapes@7.3.0", "https://npm.postfmly.com/ansi-escapes/-/ansi-escapes-7.3.0.tgz", { "dependencies": { "environment": "^1.0.0" } }, "sha512-BvU8nYgGQBxcmMuEeUEmNTvrMVjJNSH7RgW24vXexN4Ven6qCvy4TntnvlnwnMLTVlcRQQdbRY8NKnaIoeWDNg=="],

    "ansi-regex": ["ansi-regex@6.2.2", "https://npm.postfmly.com/ansi-regex/-/ansi-regex-6.2.2.tgz", {}, "sha512-Bq3SmSpyFHaWjPk8If9yc6svM8c56dB5BAtW4Qbw5jHTwwXXcTLoRMkpDJp6VL0XzlWaCHTXrkFURMYmD0sLqg=="],

    "ansi-styles": ["ansi-styles@4.3.0", "https://npm.postfmly.com/ansi-styles/-/ansi-styles-4.3.0.tgz", { "dependencies": { "color-convert": "^2.0.1" } }, "sha512-zbB9rCJAT1rbjiVDb2hqKFHNYLxgtk8NURxZ3IZwD3F6NtxbXZQCnnSi1Lkx+IDohdPlFp222wVALIheZJQSEg=="],

    "balanced-match": ["balanced-match@4.0.4", "https://npm.postfmly.com/balanced-match/-/balanced-match-4.0.4.tgz", {}, "sha512-BLrgEcRTwX2o6gGxGOCNyMvGSp35YofuYzw9h1IMTRmKqttAZZVU67bdb9Pr2vUHA8+j3i2tJfjO6C6+4myGTA=="],

    "brace-expansion": ["brace-expansion@5.0.6", "https://npm.postfmly.com/brace-expansion/-/brace-expansion-5.0.6.tgz", { "dependencies": { "balanced-match": "^4.0.2" } }, "sha512-kLpxurY4Z4r9sgMsyG0Z9uzsBlgiU/EFKhj/h91/8yHu0edo7XuixOIH3VcJ8kkxs6/jPzoI6U9Vj3WqbMQ94g=="],

    "bun-types": ["bun-types@1.3.14", "https://npm.postfmly.com/bun-types/-/bun-types-1.3.14.tgz", { "dependencies": { "@types/node": "*" } }, "sha512-4N0ig0fEomHt5R0KCFWjovxow98rIoRwKolrYdCcknNwMekCXRnWEUvgu5soYV8QXtVsrUD8B95MBOZGPvr6KQ=="],

    "chalk": ["chalk@4.1.2", "https://npm.postfmly.com/chalk/-/chalk-4.1.2.tgz", { "dependencies": { "ansi-styles": "^4.1.0", "supports-color": "^7.1.0" } }, "sha512-oKnbhFyRIXpUuez8iBMmyEa4nbj4IOQyuhc/wy9kY7/WVPcwIO9VA668Pu8RkO7+0G76SLROeyw9CpQ061i4mA=="],

    "ci-info": ["ci-info@4.4.0", "https://npm.postfmly.com/ci-info/-/ci-info-4.4.0.tgz", {}, "sha512-77PSwercCZU2Fc4sX94eF8k8Pxte6JAwL4/ICZLFjJLqegs7kCuAsqqj/70NQF6TvDpgFjkubQB2FW2ZZddvQg=="],

    "cli-cursor": ["cli-cursor@5.0.0", "https://npm.postfmly.com/cli-cursor/-/cli-cursor-5.0.0.tgz", { "dependencies": { "restore-cursor": "^5.0.0" } }, "sha512-aCj4O5wKyszjMmDT4tZj93kxyydN/K5zPWSCe6/0AV/AA1pqe5ZBIw0a2ZfPQV7lL5/yb5HsUreJ6UFAF1tEQw=="],

    "cli-truncate": ["cli-truncate@5.2.0", "https://npm.postfmly.com/cli-truncate/-/cli-truncate-5.2.0.tgz", { "dependencies": { "slice-ansi": "^8.0.0", "string-width": "^8.2.0" } }, "sha512-xRwvIOMGrfOAnM1JYtqQImuaNtDEv9v6oIYAs4LIHwTiKee8uwvIi363igssOC0O5U04i4AlENs79LQLu9tEMw=="],

    "color-convert": ["color-convert@2.0.1", "https://npm.postfmly.com/color-convert/-/color-convert-2.0.1.tgz", { "dependencies": { "color-name": "~1.1.4" } }, "sha512-RRECPsj7iu/xb5oKYcsFHSppFNnsj/52OVTRKb4zP5onXwVF3zVmmToNcOfGC+CRDpfK/U584fMg38ZHCaElKQ=="],

    "color-name": ["color-name@1.1.4", "https://npm.postfmly.com/color-name/-/color-name-1.1.4.tgz", {}, "sha512-dOy+3AuW3a2wNbZHIuMZpTcgjGuLU/uBL/ubcZF9OXbDo8ff4O8yVp5Bf0efS8uEoYo5q4Fx7dY9OgQGXgAsQA=="],

    "date-and-time": ["date-and-time@4.5.0", "https://npm.postfmly.com/date-and-time/-/date-and-time-4.5.0.tgz", {}, "sha512-IwPNy/ewmMPQYIo1jE4WlEFclKs0jNS+hlvZ9FxkaSx7kTH4QJ7jdlFIHcayVi7hvyTg1kvowX3WhnwzL0uIRg=="],

    "discord-api-types": ["discord-api-types@0.38.47", "https://npm.postfmly.com/discord-api-types/-/discord-api-types-0.38.47.tgz", {}, "sha512-XgXQodHQBAE6kfD7kMvVo30863iHX1LHSqNq6MGUTDwIFCCvHva13+rwxyxVXDqudyApMNAd32PGjgVETi5rjA=="],

    "discord.js": ["discord.js@14.26.4", "https://npm.postfmly.com/discord.js/-/discord.js-14.26.4.tgz", { "dependencies": { "@discordjs/builders": "^1.14.1", "@discordjs/collection": "1.5.3", "@discordjs/formatters": "^0.6.2", "@discordjs/rest": "^2.6.1", "@discordjs/util": "^1.2.0", "@discordjs/ws": "^1.2.3", "@sapphire/snowflake": "3.5.3", "discord-api-types": "^0.38.40", "fast-deep-equal": "3.1.3", "lodash.snakecase": "4.1.1", "magic-bytes.js": "^1.13.0", "tslib": "^2.6.3", "undici": "6.24.1" } }, "sha512-4oBp8tc6Kf8IDBwAHhbsMaAqx1b5fob9SNasZT7V6yyyUydoO5i5fGuX7TmvRtR+q/WgKRnRViRoAWnG7fNyvA=="],

    "discord.js-rate-limiter": ["discord.js-rate-limiter@1.3.2", "https://npm.postfmly.com/discord.js-rate-limiter/-/discord.js-rate-limiter-1.3.2.tgz", { "dependencies": { "limiter": "2.1.0" }, "peerDependencies": { "discord.js": ">=12.0.0" } }, "sha512-gS0suMdhWKh4IJRf2NbzHGNJfYI9ApKhO5XsBLByT0qy5vbk6SiS/9FofQKoWgbx5XXOmQ8dwqQtzzUVlSh5ZA=="],

    "drizzle-orm": ["drizzle-orm@1.0.0-rc.2", "https://npm.postfmly.com/drizzle-orm/-/drizzle-orm-1.0.0-rc.2.tgz", { "peerDependencies": { "@aws-sdk/client-rds-data": ">=3", "@cloudflare/workers-types": ">=4", "@effect/sql-pg": ">=4.0.0-beta.58 || >=4.0.0", "@electric-sql/pglite": ">=0.2.0", "@libsql/client": ">=0.10.0", "@libsql/client-wasm": ">=0.10.0", "@neondatabase/serverless": ">=0.10.0", "@op-engineering/op-sqlite": ">=2", "@opentelemetry/api": "^1.4.1", "@planetscale/database": ">=1.13", "@sinclair/typebox": ">=0.34.8", "@sqlitecloud/drivers": ">=1.0.653", "@tidbcloud/serverless": "*", "@tursodatabase/database": ">=0.2.1", "@tursodatabase/database-common": ">=0.2.1", "@tursodatabase/database-wasm": ">=0.2.1", "@types/better-sqlite3": "*", "@types/mssql": "^9.1.4", "@types/pg": "*", "@types/sql.js": "*", "@upstash/redis": ">=1.34.7", "@vercel/postgres": ">=0.8.0", "@xata.io/client": "*", "arktype": ">=2.0.0", "better-sqlite3": ">=9.3.0", "bun-types": "*", "effect": ">=4.0.0-beta.58 || >=4.0.0", "expo-sqlite": ">=14.0.0", "mssql": "^11.0.1", "mysql2": ">=2", "pg": ">=8", "postgres": ">=3", "sql.js": ">=1", "sqlite3": ">=5", "typebox": ">=1.0.0", "valibot": ">=1.0.0-beta.7", "zod": "^3.25.0 || ^4.0.0" }, "optionalPeers": ["@aws-sdk/client-rds-data", "@cloudflare/workers-types", "@effect/sql-pg", "@electric-sql/pglite", "@libsql/client", "@libsql/client-wasm", "@neondatabase/serverless", "@op-engineering/op-sqlite", "@opentelemetry/api", "@planetscale/database", "@sinclair/typebox", "@sqlitecloud/drivers", "@tidbcloud/serverless", "@tursodatabase/database", "@tursodatabase/database-common", "@tursodatabase/database-wasm", "@types/better-sqlite3", "@types/mssql", "@types/pg", "@types/sql.js", "@upstash/redis", "@vercel/postgres", "@xata.io/client", "arktype", "better-sqlite3", "bun-types", "effect", "expo-sqlite", "mssql", "mysql2", "pg", "postgres", "sql.js", "sqlite3", "typebox", "valibot", "zod"] }, "sha512-UXYDkbplF5wX0hwxll+80QhEwUvAJLBu+tAK/d4fna18kLE6VuliAzufF/ieDEIJeSnLRYgtmsXD6x1Xuy1kIg=="],

    "drizzle-query-logger": ["drizzle-query-logger@1.1.2", "https://npm.postfmly.com/drizzle-query-logger/-/drizzle-query-logger-1.1.2.tgz", { "dependencies": { "@sqltools/formatter": "^1.2.5" }, "peerDependencies": { "drizzle-orm": ">=0.44.3 <1.0.0", "typescript": "^5" } }, "sha512-/VyJOlC5BDnENuhdQws1CfKwBEUK6qycpsZiCmDfEjVc3P/x7vpyY5C9wz/hDkPu/GHAiQPz2OTnpv8/AFEItA=="],

    "drizzle-seed": ["drizzle-seed@1.0.0-rc.2", "https://npm.postfmly.com/drizzle-seed/-/drizzle-seed-1.0.0-rc.2.tgz", { "dependencies": { "pure-rand": "^6.1.0" }, "peerDependencies": { "drizzle-orm": ">=1.0.0-beta.2" } }, "sha512-ce1igk0nYB1QgbbKPLTB4SLaKDOmIbdr2PnVAgbzkqzUllX/ybi6t4vBAslP5Do5mEAFdIMdCg2thWHGEYLCbA=="],

    "emoji-regex": ["emoji-regex@10.6.0", "https://npm.postfmly.com/emoji-regex/-/emoji-regex-10.6.0.tgz", {}, "sha512-toUI84YS5YmxW219erniWD0CIVOo46xGKColeNQRgOzDorgBi1v4D71/OFzgD9GO2UGKIv1C3Sp8DAn0+j5w7A=="],

    "environment": ["environment@1.1.0", "https://npm.postfmly.com/environment/-/environment-1.1.0.tgz", {}, "sha512-xUtoPkMggbz0MPyPiIWr1Kp4aeWJjDZ6SMvURhimjdZgsRuDplF5/s9hcgGhyXMhs+6vpnuoiZ2kFiu3FMnS8Q=="],

    "eventemitter3": ["eventemitter3@5.0.4", "https://npm.postfmly.com/eventemitter3/-/eventemitter3-5.0.4.tgz", {}, "sha512-mlsTRyGaPBjPedk6Bvw+aqbsXDtoAyAzm5MO7JgU+yVRyMQ5O8bD4Kcci7BS85f93veegeCPkL8R4GLClnjLFw=="],

    "fast-deep-equal": ["fast-deep-equal@3.1.3", "https://npm.postfmly.com/fast-deep-equal/-/fast-deep-equal-3.1.3.tgz", {}, "sha512-f3qQ9oQy9j2AhBe/H9VC91wLmKBCCU/gDOnKNAYG5hswO7BLKj09Hc5HYNz9cGI++xlpDCIgDaitVs03ATR84Q=="],

    "get-east-asian-width": ["get-east-asian-width@1.6.0", "https://npm.postfmly.com/get-east-asian-width/-/get-east-asian-width-1.6.0.tgz", {}, "sha512-QRbvDIbx6YklUe6RxeTeleMR0yv3cYH6PsPZHcnVn7xv7zO1BHN8r0XETu8n6Ye3Q+ahtSarc3WgtNWmehIBfA=="],

    "get-port": ["get-port@7.2.0", "https://npm.postfmly.com/get-port/-/get-port-7.2.0.tgz", {}, "sha512-afP4W205ONCuMoPBqcR6PSXnzX35KTcJygfJfcp+QY+uwm3p20p1YczWXhlICIzGMCxYBQcySEcOgsJcrkyobg=="],

    "glob": ["glob@13.0.6", "https://npm.postfmly.com/glob/-/glob-13.0.6.tgz", { "dependencies": { "minimatch": "^10.2.2", "minipass": "^7.1.3", "path-scurry": "^2.0.2" } }, "sha512-Wjlyrolmm8uDpm/ogGyXZXb1Z+Ca2B8NbJwqBVg0axK9GbBeoS7yGV6vjXnYdGm6X53iehEuxxbyiKp8QmN4Vw=="],

    "graceful-fs": ["graceful-fs@4.2.11", "https://npm.postfmly.com/graceful-fs/-/graceful-fs-4.2.11.tgz", {}, "sha512-RbJ5/jmFcNNCcDV5o9eTnBLJ/HszWV0P73bc+Ff4nS/rJj+YaS6IGyiOL0VoBYX+l1Wrl3k63h/KrH+nhJ0XvQ=="],

    "has-flag": ["has-flag@4.0.0", "https://npm.postfmly.com/has-flag/-/has-flag-4.0.0.tgz", {}, "sha512-EykJT/Q1KjTWctppgIAgfSO0tKVuZUjhgMr17kqTumMl6Afv3EISleU7qZUzoXDFTAHTDC4NOoG/ZxU3EvlMPQ=="],

    "http-status": ["http-status@2.1.0", "https://npm.postfmly.com/http-status/-/http-status-2.1.0.tgz", {}, "sha512-O5kPr7AW7wYd/BBiOezTwnVAnmSNFY+J7hlZD2X5IOxVBetjcHAiTXhzj0gMrnojQlwy+UT1/Y3H3vJ3UlmvLA=="],

    "husky": ["husky@9.1.7", "https://npm.postfmly.com/husky/-/husky-9.1.7.tgz", { "bin": { "husky": "bin.js" } }, "sha512-5gs5ytaNjBrh5Ow3zrvdUUY+0VxIuWVL4i9irt6friV+BqdCfmV11CQTWMiBYWHbXhco+J1kHfTOUkePhCDvMA=="],

    "is-fullwidth-code-point": ["is-fullwidth-code-point@5.1.0", "https://npm.postfmly.com/is-fullwidth-code-point/-/is-fullwidth-code-point-5.1.0.tgz", { "dependencies": { "get-east-asian-width": "^1.3.1" } }, "sha512-5XHYaSyiqADb4RnZ1Bdad6cPp8Toise4TzEjcOYDHZkTCbKgiUl7WTUCpNWHuxmDt91wnsZBc9xinNzopv3JMQ=="],

    "jest-mock": ["jest-mock@30.4.1", "https://npm.postfmly.com/jest-mock/-/jest-mock-30.4.1.tgz", { "dependencies": { "@jest/types": "30.4.1", "@types/node": "*", "jest-util": "30.4.1" } }, "sha512-/i8SVb8/NSB7RfNi8gfqu8gxLV23KaL5EpAttyb9iz8qWRIqXRLflycz/32wXsYkOnaUlx8NAKnJYtpsmXUmfw=="],

    "jest-regex-util": ["jest-regex-util@30.4.0", "https://npm.postfmly.com/jest-regex-util/-/jest-regex-util-30.4.0.tgz", {}, "sha512-mWlvLviKIgIQ8VCuM1xRdD0TWp3zlzionlmDBjuXVBs+VkmXq6FgW9T4Emr7oGz/Rk6feDCGyiugolcQEyp3mg=="],

    "jest-util": ["jest-util@30.4.1", "https://npm.postfmly.com/jest-util/-/jest-util-30.4.1.tgz", { "dependencies": { "@jest/types": "30.4.1", "@types/node": "*", "chalk": "^4.1.2", "ci-info": "^4.2.0", "graceful-fs": "^4.2.11", "picomatch": "^4.0.3" } }, "sha512-vjQb1sACEiv13DKJMDToJpzVW0joCsIQrmbg0fi7CyOOt+g9jTuQl2A216pWRBYhOVt53XbL/2LbMKg1BECWOw=="],

    "just-performance": ["just-performance@4.3.0", "https://npm.postfmly.com/just-performance/-/just-performance-4.3.0.tgz", {}, "sha512-L7RjvtJsL0QO8xFs5wEoDDzzJwoiowRw6Rn/GnvldlchS2JQr9wFYPiwZcDfrbbujEKqKN0tvENdbjXdYhDp5Q=="],

    "lcov-total": ["lcov-total@2.1.1", "https://npm.postfmly.com/lcov-total/-/lcov-total-2.1.1.tgz", { "bin": { "lcov-total": "bin/cmd.js" } }, "sha512-PHk0K1N4TVAZErw4uxeinmJnJn3OL7k4C1QK+Cjua4pLKZ8hMiB1ABc2p7NgpNMXo37P97F2UobMkt1//aS72Q=="],

    "limiter": ["limiter@2.1.0", "https://npm.postfmly.com/limiter/-/limiter-2.1.0.tgz", { "dependencies": { "just-performance": "4.3.0" } }, "sha512-361TYz6iay6n+9KvUUImqdLuFigK+K79qrUtBsXhJTLdH4rIt/r1y8r1iozwh8KbZNpujbFTSh74mJ7bwbAMOw=="],

    "lint-staged": ["lint-staged@17.0.4", "https://npm.postfmly.com/lint-staged/-/lint-staged-17.0.4.tgz", { "dependencies": { "listr2": "^10.2.1", "picomatch": "^4.0.4", "string-argv": "^0.3.2", "tinyexec": "^1.1.2" }, "optionalDependencies": { "yaml": "^2.8.4" }, "bin": { "lint-staged": "bin/lint-staged.js" } }, "sha512-+rU9lSUyVOZ/hDUmRLVGzyS2v73cDdQjX+XQz1AaOdIE4RysLq0HoPW2HrrgeNCLklkhi904VBU1bmgWLHVnkA=="],

    "listr2": ["listr2@10.2.1", "https://npm.postfmly.com/listr2/-/listr2-10.2.1.tgz", { "dependencies": { "cli-truncate": "^5.2.0", "eventemitter3": "^5.0.4", "log-update": "^6.1.0", "rfdc": "^1.4.1", "wrap-ansi": "^10.0.0" } }, "sha512-7I5knELsJKTUjXG+A6BkKAiGkW1i25fNa/xlUl9hFtk15WbE9jndA89xu5FzQKrY5llajE1hfZZFMILXkDHk/Q=="],

    "lodash": ["lodash@4.18.1", "https://npm.postfmly.com/lodash/-/lodash-4.18.1.tgz", {}, "sha512-dMInicTPVE8d1e5otfwmmjlxkZoUpiVLwyeTdUsi/Caj/gfzzblBcCE5sRHV/AsjuCmxWrte2TNGSYuCeCq+0Q=="],

    "lodash.snakecase": ["lodash.snakecase@4.1.1", "https://npm.postfmly.com/lodash.snakecase/-/lodash.snakecase-4.1.1.tgz", {}, "sha512-QZ1d4xoBHYUeuouhEq3lk3Uq7ldgyFXGBhg04+oRLnIz8o9T65Eh+8YdroUwn846zchkA9yDsDl5CVVaV2nqYw=="],

    "log-update": ["log-update@6.1.0", "https://npm.postfmly.com/log-update/-/log-update-6.1.0.tgz", { "dependencies": { "ansi-escapes": "^7.0.0", "cli-cursor": "^5.0.0", "slice-ansi": "^7.1.0", "strip-ansi": "^7.1.0", "wrap-ansi": "^9.0.0" } }, "sha512-9ie8ItPR6tjY5uYJh8K/Zrv/RMZ5VOlOWvtZdEHYSTFKZfIBPQa9tOAEeAWhd+AnIneLJ22w5fjOYtoutpWq5w=="],

    "lru-cache": ["lru-cache@11.3.6", "https://npm.postfmly.com/lru-cache/-/lru-cache-11.3.6.tgz", {}, "sha512-Gf/KoL3C/MlI7Bt0PGI9I+TeTC/I6r/csU58N4BSNc4lppLBeKsOdFYkK+dX0ABDUMJNfCHTyPpzwwO21Awd3A=="],

    "magic-bytes.js": ["magic-bytes.js@1.13.0", "https://npm.postfmly.com/magic-bytes.js/-/magic-bytes.js-1.13.0.tgz", {}, "sha512-afO2mnxW7GDTXMm5/AoN1WuOcdoKhtgXjIvHmobqTD1grNplhGdv3PFOyjCVmrnOZBIT/gD/koDKpYG+0mvHcg=="],

    "mimic-function": ["mimic-function@5.0.1", "https://npm.postfmly.com/mimic-function/-/mimic-function-5.0.1.tgz", {}, "sha512-VP79XUPxV2CigYP3jWwAUFSku2aKqBH7uTAapFWCBqutsbmDo96KY5o8uh6U+/YSIn5OxJnXp73beVkpqMIGhA=="],

    "minimatch": ["minimatch@10.2.5", "https://npm.postfmly.com/minimatch/-/minimatch-10.2.5.tgz", { "dependencies": { "brace-expansion": "^5.0.5" } }, "sha512-MULkVLfKGYDFYejP07QOurDLLQpcjk7Fw+7jXS2R2czRQzR56yHRveU5NDJEOviH+hETZKSkIk5c+T23GjFUMg=="],

    "minipass": ["minipass@7.1.3", "https://npm.postfmly.com/minipass/-/minipass-7.1.3.tgz", {}, "sha512-tEBHqDnIoM/1rXME1zgka9g6Q2lcoCkxHLuc7ODJ5BxbP5d4c2Z5cGgtXAku59200Cx7diuHTOYfSBD8n6mm8A=="],

    "ms": ["ms@2.1.3", "https://npm.postfmly.com/ms/-/ms-2.1.3.tgz", {}, "sha512-6FlzubTLZG3J2a/NVCAleEhjzq5oxgHyaCU9yYXvcLsvoVaHJq/s5xXI6/XXP6tz7R9xAOtHnSO/tXtF3WRTlA=="],

    "onetime": ["onetime@7.0.0", "https://npm.postfmly.com/onetime/-/onetime-7.0.0.tgz", { "dependencies": { "mimic-function": "^5.0.0" } }, "sha512-VXJjc87FScF88uafS3JllDgvAm+c/Slfz06lorj2uAY34rlUu0Nt+v8wreiImcrgAjjIHp1rXpTDlLOGw29WwQ=="],

    "package-json-from-dist": ["package-json-from-dist@1.0.1", "https://npm.postfmly.com/package-json-from-dist/-/package-json-from-dist-1.0.1.tgz", {}, "sha512-UEZIS3/by4OC8vL3P2dTXRETpebLI2NiI5vIrjaD/5UtrkFX/tNbwjTSRAGC/+7CAo2pIcBaRgWmcBBHcsaCIw=="],

    "parse-ms": ["parse-ms@4.0.0", "https://npm.postfmly.com/parse-ms/-/parse-ms-4.0.0.tgz", {}, "sha512-TXfryirbmq34y8QBwgqCVLi+8oA3oWx2eAnSn62ITyEhEYaWRlVZ2DvMM9eZbMs/RfxPu/PK/aBLyGj4IrqMHw=="],

    "path-scurry": ["path-scurry@2.0.2", "https://npm.postfmly.com/path-scurry/-/path-scurry-2.0.2.tgz", { "dependencies": { "lru-cache": "^11.0.0", "minipass": "^7.1.2" } }, "sha512-3O/iVVsJAPsOnpwWIeD+d6z/7PmqApyQePUtCndjatj/9I5LylHvt5qluFaBT3I5h3r1ejfR056c+FCv+NnNXg=="],

    "picomatch": ["picomatch@4.0.4", "https://npm.postfmly.com/picomatch/-/picomatch-4.0.4.tgz", {}, "sha512-QP88BAKvMam/3NxH6vj2o21R6MjxZUAd6nlwAS/pnGvN9IVLocLHxGYIzFhg6fUQ+5th6P4dv4eW9jX3DSIj7A=="],

    "pluralize": ["pluralize@8.0.0", "https://npm.postfmly.com/pluralize/-/pluralize-8.0.0.tgz", {}, "sha512-Nc3IT5yHzflTfbjgqWcCPpo7DaKy4FnpB0l/zCAW0Tc7jxAiuqSxHasntB3D7887LSrA93kDJ9IXovxJYxyLCA=="],

    "pretty-ms": ["pretty-ms@9.3.0", "https://npm.postfmly.com/pretty-ms/-/pretty-ms-9.3.0.tgz", { "dependencies": { "parse-ms": "^4.0.0" } }, "sha512-gjVS5hOP+M3wMm5nmNOucbIrqudzs9v/57bWRHQWLYklXqoXKrVfYW2W9+glfGsqtPgpiz5WwyEEB+ksXIx3gQ=="],

    "pure-rand": ["pure-rand@6.1.0", "https://npm.postfmly.com/pure-rand/-/pure-rand-6.1.0.tgz", {}, "sha512-bVWawvoZoBYpp6yIoQtQXHZjmz35RSVHnUOTefl8Vcjr8snTPY1wnpSPMWekcFwbxI6gtmT7rSYPFvz71ldiOA=="],

    "restore-cursor": ["restore-cursor@5.1.0", "https://npm.postfmly.com/restore-cursor/-/restore-cursor-5.1.0.tgz", { "dependencies": { "onetime": "^7.0.0", "signal-exit": "^4.1.0" } }, "sha512-oMA2dcrw6u0YfxJQXm342bFKX/E4sG9rbTzO9ptUcR/e8A33cHuvStiYOwH7fszkZlZ1z/ta9AAoPk2F4qIOHA=="],

    "rfdc": ["rfdc@1.4.1", "https://npm.postfmly.com/rfdc/-/rfdc-1.4.1.tgz", {}, "sha512-q1b3N5QkRUWUl7iyylaaj3kOpIT0N2i9MqIEQXP73GVsN9cw3fdx8X63cEmWhJGi2PPCF23Ijp7ktmd39rawIA=="],

    "rimraf": ["rimraf@6.1.3", "https://npm.postfmly.com/rimraf/-/rimraf-6.1.3.tgz", { "dependencies": { "glob": "^13.0.3", "package-json-from-dist": "^1.0.1" }, "bin": { "rimraf": "dist/esm/bin.mjs" } }, "sha512-LKg+Cr2ZF61fkcaK1UdkH2yEBBKnYjTyWzTJT6KNPcSPaiT7HSdhtMXQuN5wkTX0Xu72KQ1l8S42rlmexS2hSA=="],

    "signal-exit": ["signal-exit@4.1.0", "https://npm.postfmly.com/signal-exit/-/signal-exit-4.1.0.tgz", {}, "sha512-bzyZ1e88w9O1iNJbKnOlvYTrWPDl46O1bG0D3XInv+9tkPrxrN8jUUTiFlDkkmKWgn1M6CfIA13SuGqOa9Korw=="],

    "slice-ansi": ["slice-ansi@8.0.0", "https://npm.postfmly.com/slice-ansi/-/slice-ansi-8.0.0.tgz", { "dependencies": { "ansi-styles": "^6.2.3", "is-fullwidth-code-point": "^5.1.0" } }, "sha512-stxByr12oeeOyY2BlviTNQlYV5xOj47GirPr4yA1hE9JCtxfQN0+tVbkxwCtYDQWhEKWFHsEK48ORg5jrouCAg=="],

    "string-argv": ["string-argv@0.3.2", "https://npm.postfmly.com/string-argv/-/string-argv-0.3.2.tgz", {}, "sha512-aqD2Q0144Z+/RqG52NeHEkZauTAUWJO8c6yTftGJKO3Tja5tUgIfmIl6kExvhtxSDP7fXB6DvzkfMpCd/F3G+Q=="],

    "string-width": ["string-width@8.2.1", "https://npm.postfmly.com/string-width/-/string-width-8.2.1.tgz", { "dependencies": { "get-east-asian-width": "^1.5.0", "strip-ansi": "^7.1.2" } }, "sha512-IIaP0g3iy9Cyy18w3M9YcaDudujEAVHKt3a3QJg1+sr/oX96TbaGUubG0hJyCjCBThFH+tFpcIyoUHUn1ogaLA=="],

    "strip-ansi": ["strip-ansi@7.2.0", "https://npm.postfmly.com/strip-ansi/-/strip-ansi-7.2.0.tgz", { "dependencies": { "ansi-regex": "^6.2.2" } }, "sha512-yDPMNjp4WyfYBkHnjIRLfca1i6KMyGCtsVgoKe/z1+6vukgaENdgGBZt+ZmKPc4gavvEZ5OgHfHdrazhgNyG7w=="],

    "supports-color": ["supports-color@7.2.0", "https://npm.postfmly.com/supports-color/-/supports-color-7.2.0.tgz", { "dependencies": { "has-flag": "^4.0.0" } }, "sha512-qpCAvRl9stuOHveKsn7HncJRvv501qIacKzQlO/+Lwxc9+0q2wLyv4Dfvt80/DPn2pqOBsJdDiogXGR9+OvwRw=="],

    "tinyexec": ["tinyexec@1.1.2", "https://npm.postfmly.com/tinyexec/-/tinyexec-1.1.2.tgz", {}, "sha512-dAqSqE/RabpBKI8+h26GfLq6Vb3JVXs30XYQjdMjaj/c2tS8IYYMbIzP599KtRj7c57/wYApb3QjgRgXmrCukA=="],

    "ts-mixer": ["ts-mixer@6.0.4", "https://npm.postfmly.com/ts-mixer/-/ts-mixer-6.0.4.tgz", {}, "sha512-ufKpbmrugz5Aou4wcr5Wc1UUFWOLhq+Fm6qa6P0w0K5Qw2yhaUoiWszhCVuNQyNwrlGiscHOmqYoAox1PtvgjA=="],

    "tslib": ["tslib@2.8.1", "https://npm.postfmly.com/tslib/-/tslib-2.8.1.tgz", {}, "sha512-oJFu94HQb+KVduSUQL7wnpmqnfmLsOA/nAh6b6EH0wCEoK0/mPeXU6c3wKDV83MkOuHPRHtSXKKU99IBazS/2w=="],

    "typescript": ["typescript@6.0.3", "https://npm.postfmly.com/typescript/-/typescript-6.0.3.tgz", { "bin": { "tsc": "bin/tsc", "tsserver": "bin/tsserver" } }, "sha512-y2TvuxSZPDyQakkFRPZHKFm+KKVqIisdg9/CZwm9ftvKXLP8NRWj38/ODjNbr43SsoXqNuAisEf1GdCxqWcdBw=="],

    "undici": ["undici@6.24.1", "https://npm.postfmly.com/undici/-/undici-6.24.1.tgz", {}, "sha512-sC+b0tB1whOCzbtlx20fx3WgCXwkW627p4EA9uM+/tNNPkSS+eSEld6pAs9nDv7WbY1UUljBMYPtu9BCOrCWKA=="],

    "undici-types": ["undici-types@7.21.0", "https://npm.postfmly.com/undici-types/-/undici-types-7.21.0.tgz", {}, "sha512-w9IMgQrz4O0YN1LtB7K5P63vhlIOvC7opSmouCJ+ZywlPAlO9gIkJ+otk6LvGpAs2wg4econaCz3TvQ9xPoyuQ=="],

    "wrap-ansi": ["wrap-ansi@10.0.0", "https://npm.postfmly.com/wrap-ansi/-/wrap-ansi-10.0.0.tgz", { "dependencies": { "ansi-styles": "^6.2.3", "string-width": "^8.2.0", "strip-ansi": "^7.1.2" } }, "sha512-SGcvg80f0wUy2/fXES19feHMz8E0JoXv2uNgHOu4Dgi2OrCy1lqwFYEJz1BLbDI0exjPMe/ZdzZ/YpGECBG/aQ=="],

    "ws": ["ws@8.20.1", "https://npm.postfmly.com/ws/-/ws-8.20.1.tgz", { "peerDependencies": { "bufferutil": "^4.0.1", "utf-8-validate": ">=5.0.2" }, "optionalPeers": ["bufferutil", "utf-8-validate"] }, "sha512-It4dO0K5v//JtTXuPkfEOaI3uUN87iYPnqo/ZzqCoG3g8uhA66QUMs/SrM0YK7/NAu+r4LMh/9dq2A7k+rHs+w=="],

    "yaml": ["yaml@2.9.0", "https://npm.postfmly.com/yaml/-/yaml-2.9.0.tgz", { "bin": { "yaml": "bin.mjs" } }, "sha512-2AvhNX3mb8zd6Zy7INTtSpl1F15HW6Wnqj0srWlkKLcpYl/gMIMJiyuGq2KeI2YFxUPjdlB+3Lc10seMLtL4cA=="],

    "@discordjs/rest/@discordjs/collection": ["@discordjs/collection@2.1.1", "https://npm.postfmly.com/@discordjs/collection/-/collection-2.1.1.tgz", {}, "sha512-LiSusze9Tc7qF03sLCujF5iZp7K+vRNEDBZ86FT9aQAv3vxMLihUvKvpsCWiQ2DJq1tVckopKm1rxomgNUc9hg=="],

    "@discordjs/rest/@sapphire/snowflake": ["@sapphire/snowflake@3.5.5", "https://npm.postfmly.com/@sapphire/snowflake/-/snowflake-3.5.5.tgz", {}, "sha512-xzvBr1Q1c4lCe7i6sRnrofxeO1QTP/LKQ6A6qy0iB4x5yfiSfARMEQEghojzTNALDTcv8En04qYNIco9/K9eZQ=="],

    "@discordjs/ws/@discordjs/collection": ["@discordjs/collection@2.1.1", "https://npm.postfmly.com/@discordjs/collection/-/collection-2.1.1.tgz", {}, "sha512-LiSusze9Tc7qF03sLCujF5iZp7K+vRNEDBZ86FT9aQAv3vxMLihUvKvpsCWiQ2DJq1tVckopKm1rxomgNUc9hg=="],

    "log-update/slice-ansi": ["slice-ansi@7.1.2", "https://npm.postfmly.com/slice-ansi/-/slice-ansi-7.1.2.tgz", { "dependencies": { "ansi-styles": "^6.2.1", "is-fullwidth-code-point": "^5.0.0" } }, "sha512-iOBWFgUX7caIZiuutICxVgX1SdxwAVFFKwt1EvMYYec/NWO5meOJ6K5uQxhrYBdQJne4KxiqZc+KptFOWFSI9w=="],

    "log-update/wrap-ansi": ["wrap-ansi@9.0.2", "https://npm.postfmly.com/wrap-ansi/-/wrap-ansi-9.0.2.tgz", { "dependencies": { "ansi-styles": "^6.2.1", "string-width": "^7.0.0", "strip-ansi": "^7.1.0" } }, "sha512-42AtmgqjV+X1VpdOfyTGOYRi0/zsoLqtXQckTmqTeybT+BDIbM/Guxo7x3pE2vtpr1ok6xRqM9OpBe+Jyoqyww=="],

    "slice-ansi/ansi-styles": ["ansi-styles@6.2.3", "https://npm.postfmly.com/ansi-styles/-/ansi-styles-6.2.3.tgz", {}, "sha512-4Dj6M28JB+oAH8kFkTLUo+a2jwOFkuqb3yucU0CANcRRUbxS0cP0nZYCGjcc3BNXwRIsUVmDGgzawme7zvJHvg=="],

    "wrap-ansi/ansi-styles": ["ansi-styles@6.2.3", "https://npm.postfmly.com/ansi-styles/-/ansi-styles-6.2.3.tgz", {}, "sha512-4Dj6M28JB+oAH8kFkTLUo+a2jwOFkuqb3yucU0CANcRRUbxS0cP0nZYCGjcc3BNXwRIsUVmDGgzawme7zvJHvg=="],

    "log-update/slice-ansi/ansi-styles": ["ansi-styles@6.2.3", "https://npm.postfmly.com/ansi-styles/-/ansi-styles-6.2.3.tgz", {}, "sha512-4Dj6M28JB+oAH8kFkTLUo+a2jwOFkuqb3yucU0CANcRRUbxS0cP0nZYCGjcc3BNXwRIsUVmDGgzawme7zvJHvg=="],

    "log-update/wrap-ansi/ansi-styles": ["ansi-styles@6.2.3", "https://npm.postfmly.com/ansi-styles/-/ansi-styles-6.2.3.tgz", {}, "sha512-4Dj6M28JB+oAH8kFkTLUo+a2jwOFkuqb3yucU0CANcRRUbxS0cP0nZYCGjcc3BNXwRIsUVmDGgzawme7zvJHvg=="],

    "log-update/wrap-ansi/string-width": ["string-width@7.2.0", "https://npm.postfmly.com/string-width/-/string-width-7.2.0.tgz", { "dependencies": { "emoji-regex": "^10.3.0", "get-east-asian-width": "^1.0.0", "strip-ansi": "^7.1.0" } }, "sha512-tsaTIkKW9b4N+AEj+SVA+WhJzV7/zMhcSu78mLKWSk7cXMOSHsBKFWUs0fWwq8QyK3MgJBQRX6Gbi4kYbdvGkQ=="],
  }
}
